# This file is generated by running "yarn install" inside your project.
# Manual changes might be lost - proceed with caution!

__metadata:
  version: 6
  cacheKey: 8

"@types/node@npm:^17.0.36":
  version: 17.0.36
  resolution: "@types/node@npm:17.0.36"
  checksum: 11055fde0a1e1421113849b5e32c7022911efc0be670729947bf0162970e79962d804b1eb8a9afb291380cac97cf0e684511415d586ae5fe1560322c940fe188
  languageName: node
  linkType: hard

"@types/vscode@npm:^1.67.0":
  version: 1.67.0
  resolution: "@types/vscode@npm:1.67.0"
  checksum: 7a201a40c9d70065cc4cc18e0601b226842376d47389dd0767f4b5014bc3a6503e6208384fe1c06a0e5f17077a306ad4d5a2ae3e5d2a276b20166af8256c8097
  languageName: node
  linkType: hard

"balanced-match@npm:^1.0.0":
  version: 1.0.2
  resolution: "balanced-match@npm:1.0.2"
  checksum: 9706c088a283058a8a99e0bf91b0a2f75497f185980d9ffa8b304de1d9e58ebda7c72c07ebf01dadedaac5b2907b2c6f566f660d62bd336c3468e960403b9d65
  languageName: node
  linkType: hard

"brace-expansion@npm:^1.1.7":
  version: 1.1.11
  resolution: "brace-expansion@npm:1.1.11"
  dependencies:
    balanced-match: ^1.0.0
    concat-map: 0.0.1
  checksum: faf34a7bb0c3fcf4b59c7808bc5d2a96a40988addf2e7e09dfbb67a2251800e0d14cd2bfc1aa79174f2f5095c54ff27f46fb1289fe2d77dac755b5eb3434cc07
  languageName: node
  linkType: hard

"concat-map@npm:0.0.1":
  version: 0.0.1
  resolution: "concat-map@npm:0.0.1"
  checksum: 902a9f5d8967a3e2faf138d5cb784b9979bad2e6db5357c5b21c568df4ebe62bcb15108af1b2253744844eb964fc023fbd9afbbbb6ddd0bcc204c6fb5b7bf3af
  languageName: node
  linkType: hard

"lru-cache@npm:^6.0.0":
  version: 6.0.0
  resolution: "lru-cache@npm:6.0.0"
  dependencies:
    yallist: ^4.0.0
  checksum: f97f499f898f23e4585742138a22f22526254fdba6d75d41a1c2526b3b6cc5747ef59c5612ba7375f42aca4f8461950e925ba08c991ead0651b4918b7c978297
  languageName: node
  linkType: hard

"minimatch@npm:^3.0.4":
  version: 3.1.2
  resolution: "minimatch@npm:3.1.2"
  dependencies:
    brace-expansion: ^1.1.7
  checksum: c154e566406683e7bcb746e000b84d74465b3a832c45d59912b9b55cd50dee66e5c4b1e5566dba26154040e51672f9aa450a9aef0c97cfc7336b78b7afb9540a
  languageName: node
  linkType: hard

"root@workspace:.":
  version: 0.0.0-use.local
  resolution: "root@workspace:."
  languageName: unknown
  linkType: soft

"semver@npm:^7.3.5":
  version: 7.3.7
  resolution: "semver@npm:7.3.7"
  dependencies:
    lru-cache: ^6.0.0
  bin:
    semver: bin/semver.js
  checksum: 2fa3e877568cd6ce769c75c211beaed1f9fce80b28338cadd9d0b6c40f2e2862bafd62c19a6cff42f3d54292b7c623277bcab8816a2b5521cf15210d43e75232
  languageName: node
  linkType: hard

"typescript@npm:^4.7.2":
  version: 4.7.2
  resolution: "typescript@npm:4.7.2"
  bin:
    tsc: bin/tsc
    tsserver: bin/tsserver
  checksum: 5163585e6b56410f77d5483b698d9489bbee8902c99029eb70cf6d21525a186530ce19a00951af84eefd4a131cc51d0959f5118e25e70ab61f45ac4057dbd1ef
  languageName: node
  linkType: hard

"typescript@patch:typescript@^4.7.2#~builtin<compat/typescript>":
  version: 4.7.2
  resolution: "typescript@patch:typescript@npm%3A4.7.2#~builtin<compat/typescript>::version=4.7.2&hash=7ad353"
  bin:
    tsc: bin/tsc
    tsserver: bin/tsserver
  checksum: 7e2b9a9f4a70fb7616f1b0d986977f8e34a74f046202fa7f24fdee79589598277810fa216b3776c20c0683a9235872c73be34fdb93f67f98c1efaca40999422f
  languageName: node
  linkType: hard

"vscode-jsonrpc@npm:8.0.1":
  version: 8.0.1
  resolution: "vscode-jsonrpc@npm:8.0.1"
  checksum: bf88444bf7523614c799fe66f9576a5610d98632d5fe2745beb49bd1c2d8dafe801a1c047fea0c9f10aec2c5fa568863b4bb0048dba09b00ba58ebb727544468
  languageName: node
  linkType: hard

"vscode-languageclient@npm:^8.0.1":
  version: 8.0.1
  resolution: "vscode-languageclient@npm:8.0.1"
  dependencies:
    minimatch: ^3.0.4
    semver: ^7.3.5
    vscode-languageserver-protocol: 3.17.1
  checksum: 52c9fd7108a0b36f49352986ba67e28fde9e14321b27ae121688a3b35378fce4157f866d0560f77743840f99617d342495f5d99ae91c702d0818b9ae20ddb14d
  languageName: node
  linkType: hard

"vscode-languageserver-protocol@npm:3.17.1":
  version: 3.17.1
  resolution: "vscode-languageserver-protocol@npm:3.17.1"
  dependencies:
    vscode-jsonrpc: 8.0.1
    vscode-languageserver-types: 3.17.1
  checksum: e1dd28e7dc7bbcfececd56ace1f271eadf70b014e4bc091e04c509324a68a005f3515eb77611c507bf9193f9dbf0f0e04d723349cbc8c6827e844ae701f465ee
  languageName: node
  linkType: hard

"vscode-languageserver-types@npm:3.17.1":
  version: 3.17.1
  resolution: "vscode-languageserver-types@npm:3.17.1"
  checksum: ceb4145dfd840e026a51a6059af6ca2ced606763d945ab24851b1871bf8614f12e7f6fdb1f865ba6ea26f62db066ef188b183b1c830e0f38f28e08b584136464
  languageName: node
  linkType: hard

"vscode-rbbardiche@workspace:vscode":
  version: 0.0.0-use.local
  resolution: "vscode-rbbardiche@workspace:vscode"
  dependencies:
    "@types/node": ^17.0.36
    "@types/vscode": ^1.67.0
    typescript: ^4.7.2
    vscode-languageclient: ^8.0.1
  languageName: unknown
  linkType: soft

"yallist@npm:^4.0.0":
  version: 4.0.0
  resolution: "yallist@npm:4.0.0"
  checksum: 343617202af32df2a15a3be36a5a8c0c8545208f3d3dfbc6bb7c3e3b7e8c6f8e7485432e4f3b88da3031a6e20afa7c711eded32ddfb122896ac5d914e75848d5
  languageName: node
  linkType: hard
